// !$*UTF8*$!
{
	archiveVersion = 1;
	classes = {
	};
	objectVersion = 55;
	objects = {

/* Begin PBXBuildFile section */
		AB056C6E27BF70C700E1DF4A /* AppDelegate.swift in Sources */ = {isa = PBXBuildFile; fileRef = AB056C6D27BF70C700E1DF4A /* AppDelegate.swift */; };
		AB056C7027BF70C700E1DF4A /* SceneDelegate.swift in Sources */ = {isa = PBXBuildFile; fileRef = AB056C6F27BF70C700E1DF4A /* SceneDelegate.swift */; };
		AB056C7527BF70C700E1DF4A /* Main.storyboard in Resources */ = {isa = PBXBuildFile; fileRef = AB056C7327BF70C700E1DF4A /* Main.storyboard */; };
		AB056C7727BF70C800E1DF4A /* Assets.xcassets in Resources */ = {isa = PBXBuildFile; fileRef = AB056C7627BF70C800E1DF4A /* Assets.xcassets */; };
		AB056C7A27BF70C800E1DF4A /* LaunchScreen.storyboard in Resources */ = {isa = PBXBuildFile; fileRef = AB056C7827BF70C800E1DF4A /* LaunchScreen.storyboard */; };
		AB056C8827BF711700E1DF4A /* JsonNewsfeed.swift in Sources */ = {isa = PBXBuildFile; fileRef = AB056C8627BF711700E1DF4A /* JsonNewsfeed.swift */; };
		AB056C8F27BF712700E1DF4A /* VKUser.swift in Sources */ = {isa = PBXBuildFile; fileRef = AB056C8A27BF712700E1DF4A /* VKUser.swift */; };
		AB056C9027BF712700E1DF4A /* VKNews.swift in Sources */ = {isa = PBXBuildFile; fileRef = AB056C8B27BF712700E1DF4A /* VKNews.swift */; };
		AB056C9227BF712700E1DF4A /* VKGroup.swift in Sources */ = {isa = PBXBuildFile; fileRef = AB056C8D27BF712700E1DF4A /* VKGroup.swift */; };
		AB056C9827BF720500E1DF4A /* String+Extension.swift in Sources */ = {isa = PBXBuildFile; fileRef = AB056C9727BF720500E1DF4A /* String+Extension.swift */; };
		AB056C9E27BF722000E1DF4A /* NewsfeedHeader.swift in Sources */ = {isa = PBXBuildFile; fileRef = AB056C9B27BF722000E1DF4A /* NewsfeedHeader.swift */; };
		AB056C9F27BF722000E1DF4A /* Newsfeed.swift in Sources */ = {isa = PBXBuildFile; fileRef = AB056C9C27BF722000E1DF4A /* Newsfeed.swift */; };
		AB056CA027BF722000E1DF4A /* NewsfeedPhotosCell.swift in Sources */ = {isa = PBXBuildFile; fileRef = AB056C9D27BF722000E1DF4A /* NewsfeedPhotosCell.swift */; };
		AB056CA227BF722D00E1DF4A /* Login.swift in Sources */ = {isa = PBXBuildFile; fileRef = AB056CA127BF722D00E1DF4A /* Login.swift */; };
		AB056CA527BF725A00E1DF4A /* VK.swift in Sources */ = {isa = PBXBuildFile; fileRef = AB056CA427BF725A00E1DF4A /* VK.swift */; };
		AB056CA927BF726D00E1DF4A /* AppSettings.swift in Sources */ = {isa = PBXBuildFile; fileRef = AB056CA827BF726D00E1DF4A /* AppSettings.swift */; };
		AB056CAB27BF72CD00E1DF4A /* NSObject+Extension.swift in Sources */ = {isa = PBXBuildFile; fileRef = AB056CAA27BF72CD00E1DF4A /* NSObject+Extension.swift */; };
		AB056CAD27BF736500E1DF4A /* DB.swift in Sources */ = {isa = PBXBuildFile; fileRef = AB056CAC27BF736500E1DF4A /* DB.swift */; };
		AB056CAF27BF8C6400E1DF4A /* NewsfeedFooter.xib in Resources */ = {isa = PBXBuildFile; fileRef = AB056CAE27BF8C6400E1DF4A /* NewsfeedFooter.xib */; };
		AB056CB127BFB6B400E1DF4A /* NewsfeedHeader.xib in Resources */ = {isa = PBXBuildFile; fileRef = AB056CB027BFB6B400E1DF4A /* NewsfeedHeader.xib */; };
		AB056CB327BFC07300E1DF4A /* Date+Extension.swift in Sources */ = {isa = PBXBuildFile; fileRef = AB056CB227BFC07300E1DF4A /* Date+Extension.swift */; };
		AB056CB527BFC18500E1DF4A /* NewsfeedFooter.swift in Sources */ = {isa = PBXBuildFile; fileRef = AB056CB427BFC18500E1DF4A /* NewsfeedFooter.swift */; };
		AB056CBF27C0E57000E1DF4A /* Int+Extension.swift in Sources */ = {isa = PBXBuildFile; fileRef = AB056CBE27C0E57000E1DF4A /* Int+Extension.swift */; };
		AB1B928827C4BB9D00907A04 /* URL+Extension.swift in Sources */ = {isa = PBXBuildFile; fileRef = AB1B928727C4BB9D00907A04 /* URL+Extension.swift */; };
		AB1B928E27C7627D00907A04 /* RealmSwift in Frameworks */ = {isa = PBXBuildFile; productRef = AB1B928D27C7627D00907A04 /* RealmSwift */; };
		AB1B929127C8B7D900907A04 /* GetDataOperation.swift in Sources */ = {isa = PBXBuildFile; fileRef = AB1B929027C8B7D900907A04 /* GetDataOperation.swift */; };
		AB1B929327C8B81D00907A04 /* AsyncOperation.swift in Sources */ = {isa = PBXBuildFile; fileRef = AB1B929227C8B81D00907A04 /* AsyncOperation.swift */; };
		AB1B929627C8BA3D00907A04 /* Alamofire in Frameworks */ = {isa = PBXBuildFile; productRef = AB1B929527C8BA3D00907A04 /* Alamofire */; };
		AB1B929827C8C5E900907A04 /* ParseJsonOperation.swift in Sources */ = {isa = PBXBuildFile; fileRef = AB1B929727C8C5E900907A04 /* ParseJsonOperation.swift */; };
		AB1B929A27C8D2C700907A04 /* SaveToRealmOperation.swift in Sources */ = {isa = PBXBuildFile; fileRef = AB1B929927C8D2C700907A04 /* SaveToRealmOperation.swift */; };
		AB1B929C27C8D8B500907A04 /* FetchAndSavePhotoOperation.swift in Sources */ = {isa = PBXBuildFile; fileRef = AB1B929B27C8D8B500907A04 /* FetchAndSavePhotoOperation.swift */; };
		AB1C500627C3BF5E000CC015 /* Notifications.swift in Sources */ = {isa = PBXBuildFile; fileRef = AB1C500527C3BF5E000CC015 /* Notifications.swift */; };
		AB1C500827C3C29B000CC015 /* UITableView+Extension.swift in Sources */ = {isa = PBXBuildFile; fileRef = AB1C500727C3C29B000CC015 /* UITableView+Extension.swift */; };
		AB6745F527C295F7007A0690 /* URLSession+Extension.swift in Sources */ = {isa = PBXBuildFile; fileRef = AB6745F427C295F7007A0690 /* URLSession+Extension.swift */; };
		ABC535AF27C1902F00717864 /* JsonUser.swift in Sources */ = {isa = PBXBuildFile; fileRef = ABC535AE27C1902F00717864 /* JsonUser.swift */; };
		ABC535B127C1906600717864 /* JsonGroup.swift in Sources */ = {isa = PBXBuildFile; fileRef = ABC535B027C1906600717864 /* JsonGroup.swift */; };
		ABC535B427C2149100717864 /* Friends.swift in Sources */ = {isa = PBXBuildFile; fileRef = ABC535B327C2149100717864 /* Friends.swift */; };
		ABC535B727C218F900717864 /* Groups.swift in Sources */ = {isa = PBXBuildFile; fileRef = ABC535B627C218F900717864 /* Groups.swift */; };
		ABDF82E127C2B5030083E370 /* Photos.swift in Sources */ = {isa = PBXBuildFile; fileRef = ABDF82E027C2B5020083E370 /* Photos.swift */; };
		ABDF82E327C2B77D0083E370 /* JsonPhoto.swift in Sources */ = {isa = PBXBuildFile; fileRef = ABDF82E227C2B77D0083E370 /* JsonPhoto.swift */; };
		ABDF82E527C2B7AC0083E370 /* VKPhoto.swift in Sources */ = {isa = PBXBuildFile; fileRef = ABDF82E427C2B7AC0083E370 /* VKPhoto.swift */; };
		B023ED3027DE63230053F621 /* UITableViewCell+Extension.swift in Sources */ = {isa = PBXBuildFile; fileRef = B023ED2F27DE63230053F621 /* UITableViewCell+Extension.swift */; };
		B0E118C727CFEF48005C403D /* PromiseKit in Frameworks */ = {isa = PBXBuildFile; productRef = B0E118C627CFEF48005C403D /* PromiseKit */; };
		B0E118CD27D0AC1D005C403D /* SessionHelpers.swift in Sources */ = {isa = PBXBuildFile; fileRef = B0E118CC27D0AC1D005C403D /* SessionHelpers.swift */; };
		B0E118CF27D0AC8F005C403D /* URLS.swift in Sources */ = {isa = PBXBuildFile; fileRef = B0E118CE27D0AC8F005C403D /* URLS.swift */; };
		B0E118D127D0AE14005C403D /* PromiseAPI.swift in Sources */ = {isa = PBXBuildFile; fileRef = B0E118D027D0AE14005C403D /* PromiseAPI.swift */; };
		B0E118D327D0FE1C005C403D /* RealmHelpers.swift in Sources */ = {isa = PBXBuildFile; fileRef = B0E118D227D0FE1C005C403D /* RealmHelpers.swift */; };
		B0E118D527D10ACF005C403D /* PhotoService.swift in Sources */ = {isa = PBXBuildFile; fileRef = B0E118D427D10ACF005C403D /* PhotoService.swift */; };
		B0E118D727D10D5C005C403D /* FileManager+Extension.swift in Sources */ = {isa = PBXBuildFile; fileRef = B0E118D627D10D5C005C403D /* FileManager+Extension.swift */; };
		B0EE3DBB27DB42EB009B1F19 /* GoogleService-Info.plist in Resources */ = {isa = PBXBuildFile; fileRef = B0EE3DBA27DB42EA009B1F19 /* GoogleService-Info.plist */; };
		B0EE3DD827DB6920009B1F19 /* CloudDB.swift in Sources */ = {isa = PBXBuildFile; fileRef = B0EE3DD727DB6920009B1F19 /* CloudDB.swift */; };
		B0EE3DF327DBAD51009B1F19 /* UIViewController+Extension.swift in Sources */ = {isa = PBXBuildFile; fileRef = B0EE3DF227DBAD51009B1F19 /* UIViewController+Extension.swift */; };
		B0EEB6E427D207D70082AB4E /* Settings.swift in Sources */ = {isa = PBXBuildFile; fileRef = B0EEB6E327D207D70082AB4E /* Settings.swift */; };
		B0FCF54827E8E64C0069C6A5 /* FirebaseAnalyticsWithoutAdIdSupport in Frameworks */ = {isa = PBXBuildFile; productRef = B0FCF54727E8E64C0069C6A5 /* FirebaseAnalyticsWithoutAdIdSupport */; };
		B0FCF54A27E8E64C0069C6A5 /* FirebaseAppCheck in Frameworks */ = {isa = PBXBuildFile; productRef = B0FCF54927E8E64C0069C6A5 /* FirebaseAppCheck */; };
		B0FCF54C27E8E64C0069C6A5 /* FirebaseAuth in Frameworks */ = {isa = PBXBuildFile; productRef = B0FCF54B27E8E64C0069C6A5 /* FirebaseAuth */; };
		B0FCF54E27E8E64C0069C6A5 /* FirebaseCrashlytics in Frameworks */ = {isa = PBXBuildFile; productRef = B0FCF54D27E8E64C0069C6A5 /* FirebaseCrashlytics */; };
		B0FCF55027E8E64C0069C6A5 /* FirebaseFirestore in Frameworks */ = {isa = PBXBuildFile; productRef = B0FCF54F27E8E64C0069C6A5 /* FirebaseFirestore */; };
		B0FCF55227E8E64C0069C6A5 /* FirebaseFunctions in Frameworks */ = {isa = PBXBuildFile; productRef = B0FCF55127E8E64C0069C6A5 /* FirebaseFunctions */; };
		B0FCF55427E8E64C0069C6A5 /* FirebaseInAppMessaging-Beta in Frameworks */ = {isa = PBXBuildFile; productRef = B0FCF55327E8E64C0069C6A5 /* FirebaseInAppMessaging-Beta */; };
		B0FCF55627E8E64C0069C6A5 /* FirebaseMessaging in Frameworks */ = {isa = PBXBuildFile; productRef = B0FCF55527E8E64C0069C6A5 /* FirebaseMessaging */; };
/* End PBXBuildFile section */

/* Begin PBXFileReference section */
		AB056C6A27BF70C700E1DF4A /* VK.app */ = {isa = PBXFileReference; explicitFileType = wrapper.application; includeInIndex = 0; path = VK.app; sourceTree = BUILT_PRODUCTS_DIR; };
		AB056C6D27BF70C700E1DF4A /* AppDelegate.swift */ = {isa = PBXFileReference; lastKnownFileType = sourcecode.swift; path = AppDelegate.swift; sourceTree = "<group>"; };
		AB056C6F27BF70C700E1DF4A /* SceneDelegate.swift */ = {isa = PBXFileReference; lastKnownFileType = sourcecode.swift; path = SceneDelegate.swift; sourceTree = "<group>"; };
		AB056C7427BF70C700E1DF4A /* Base */ = {isa = PBXFileReference; lastKnownFileType = file.storyboard; name = Base; path = Base.lproj/Main.storyboard; sourceTree = "<group>"; };
		AB056C7627BF70C800E1DF4A /* Assets.xcassets */ = {isa = PBXFileReference; lastKnownFileType = folder.assetcatalog; path = Assets.xcassets; sourceTree = "<group>"; };
		AB056C7927BF70C800E1DF4A /* Base */ = {isa = PBXFileReference; lastKnownFileType = file.storyboard; name = Base; path = Base.lproj/LaunchScreen.storyboard; sourceTree = "<group>"; };
		AB056C8627BF711700E1DF4A /* JsonNewsfeed.swift */ = {isa = PBXFileReference; fileEncoding = 4; lastKnownFileType = sourcecode.swift; path = JsonNewsfeed.swift; sourceTree = "<group>"; };
		AB056C8A27BF712700E1DF4A /* VKUser.swift */ = {isa = PBXFileReference; fileEncoding = 4; lastKnownFileType = sourcecode.swift; path = VKUser.swift; sourceTree = "<group>"; };
		AB056C8B27BF712700E1DF4A /* VKNews.swift */ = {isa = PBXFileReference; fileEncoding = 4; lastKnownFileType = sourcecode.swift; path = VKNews.swift; sourceTree = "<group>"; };
		AB056C8D27BF712700E1DF4A /* VKGroup.swift */ = {isa = PBXFileReference; fileEncoding = 4; lastKnownFileType = sourcecode.swift; path = VKGroup.swift; sourceTree = "<group>"; };
		AB056C9727BF720500E1DF4A /* String+Extension.swift */ = {isa = PBXFileReference; fileEncoding = 4; lastKnownFileType = sourcecode.swift; path = "String+Extension.swift"; sourceTree = "<group>"; };
		AB056C9B27BF722000E1DF4A /* NewsfeedHeader.swift */ = {isa = PBXFileReference; fileEncoding = 4; lastKnownFileType = sourcecode.swift; path = NewsfeedHeader.swift; sourceTree = "<group>"; };
		AB056C9C27BF722000E1DF4A /* Newsfeed.swift */ = {isa = PBXFileReference; fileEncoding = 4; lastKnownFileType = sourcecode.swift; path = Newsfeed.swift; sourceTree = "<group>"; };
		AB056C9D27BF722000E1DF4A /* NewsfeedPhotosCell.swift */ = {isa = PBXFileReference; fileEncoding = 4; lastKnownFileType = sourcecode.swift; path = NewsfeedPhotosCell.swift; sourceTree = "<group>"; };
		AB056CA127BF722D00E1DF4A /* Login.swift */ = {isa = PBXFileReference; fileEncoding = 4; lastKnownFileType = sourcecode.swift; path = Login.swift; sourceTree = "<group>"; };
		AB056CA427BF725A00E1DF4A /* VK.swift */ = {isa = PBXFileReference; fileEncoding = 4; lastKnownFileType = sourcecode.swift; path = VK.swift; sourceTree = "<group>"; };
		AB056CA827BF726D00E1DF4A /* AppSettings.swift */ = {isa = PBXFileReference; lastKnownFileType = sourcecode.swift; path = AppSettings.swift; sourceTree = "<group>"; };
		AB056CAA27BF72CD00E1DF4A /* NSObject+Extension.swift */ = {isa = PBXFileReference; fileEncoding = 4; lastKnownFileType = sourcecode.swift; path = "NSObject+Extension.swift"; sourceTree = "<group>"; };
		AB056CAC27BF736500E1DF4A /* DB.swift */ = {isa = PBXFileReference; fileEncoding = 4; lastKnownFileType = sourcecode.swift; path = DB.swift; sourceTree = "<group>"; };
		AB056CAE27BF8C6400E1DF4A /* NewsfeedFooter.xib */ = {isa = PBXFileReference; lastKnownFileType = file.xib; path = NewsfeedFooter.xib; sourceTree = "<group>"; };
		AB056CB027BFB6B400E1DF4A /* NewsfeedHeader.xib */ = {isa = PBXFileReference; lastKnownFileType = file.xib; path = NewsfeedHeader.xib; sourceTree = "<group>"; };
		AB056CB227BFC07300E1DF4A /* Date+Extension.swift */ = {isa = PBXFileReference; lastKnownFileType = sourcecode.swift; path = "Date+Extension.swift"; sourceTree = "<group>"; };
		AB056CB427BFC18500E1DF4A /* NewsfeedFooter.swift */ = {isa = PBXFileReference; lastKnownFileType = sourcecode.swift; path = NewsfeedFooter.swift; sourceTree = "<group>"; };
		AB056CBE27C0E57000E1DF4A /* Int+Extension.swift */ = {isa = PBXFileReference; lastKnownFileType = sourcecode.swift; path = "Int+Extension.swift"; sourceTree = "<group>"; };
		AB1B928727C4BB9D00907A04 /* URL+Extension.swift */ = {isa = PBXFileReference; lastKnownFileType = sourcecode.swift; path = "URL+Extension.swift"; sourceTree = "<group>"; };
		AB1B929027C8B7D900907A04 /* GetDataOperation.swift */ = {isa = PBXFileReference; lastKnownFileType = sourcecode.swift; path = GetDataOperation.swift; sourceTree = "<group>"; };
		AB1B929227C8B81D00907A04 /* AsyncOperation.swift */ = {isa = PBXFileReference; lastKnownFileType = sourcecode.swift; path = AsyncOperation.swift; sourceTree = "<group>"; };
		AB1B929727C8C5E900907A04 /* ParseJsonOperation.swift */ = {isa = PBXFileReference; lastKnownFileType = sourcecode.swift; path = ParseJsonOperation.swift; sourceTree = "<group>"; };
		AB1B929927C8D2C700907A04 /* SaveToRealmOperation.swift */ = {isa = PBXFileReference; lastKnownFileType = sourcecode.swift; path = SaveToRealmOperation.swift; sourceTree = "<group>"; };
		AB1B929B27C8D8B500907A04 /* FetchAndSavePhotoOperation.swift */ = {isa = PBXFileReference; lastKnownFileType = sourcecode.swift; path = FetchAndSavePhotoOperation.swift; sourceTree = "<group>"; };
		AB1C500527C3BF5E000CC015 /* Notifications.swift */ = {isa = PBXFileReference; lastKnownFileType = sourcecode.swift; path = Notifications.swift; sourceTree = "<group>"; };
		AB1C500727C3C29B000CC015 /* UITableView+Extension.swift */ = {isa = PBXFileReference; lastKnownFileType = sourcecode.swift; path = "UITableView+Extension.swift"; sourceTree = "<group>"; };
		AB6745F427C295F7007A0690 /* URLSession+Extension.swift */ = {isa = PBXFileReference; lastKnownFileType = sourcecode.swift; path = "URLSession+Extension.swift"; sourceTree = "<group>"; };
		ABC535AE27C1902F00717864 /* JsonUser.swift */ = {isa = PBXFileReference; lastKnownFileType = sourcecode.swift; path = JsonUser.swift; sourceTree = "<group>"; };
		ABC535B027C1906600717864 /* JsonGroup.swift */ = {isa = PBXFileReference; lastKnownFileType = sourcecode.swift; path = JsonGroup.swift; sourceTree = "<group>"; };
		ABC535B327C2149100717864 /* Friends.swift */ = {isa = PBXFileReference; lastKnownFileType = sourcecode.swift; path = Friends.swift; sourceTree = "<group>"; };
		ABC535B627C218F900717864 /* Groups.swift */ = {isa = PBXFileReference; lastKnownFileType = sourcecode.swift; path = Groups.swift; sourceTree = "<group>"; };
		ABDF82E027C2B5020083E370 /* Photos.swift */ = {isa = PBXFileReference; lastKnownFileType = sourcecode.swift; path = Photos.swift; sourceTree = "<group>"; };
		ABDF82E227C2B77D0083E370 /* JsonPhoto.swift */ = {isa = PBXFileReference; lastKnownFileType = sourcecode.swift; path = JsonPhoto.swift; sourceTree = "<group>"; };
		ABDF82E427C2B7AC0083E370 /* VKPhoto.swift */ = {isa = PBXFileReference; lastKnownFileType = sourcecode.swift; path = VKPhoto.swift; sourceTree = "<group>"; };
		B023ED2F27DE63230053F621 /* UITableViewCell+Extension.swift */ = {isa = PBXFileReference; lastKnownFileType = sourcecode.swift; path = "UITableViewCell+Extension.swift"; sourceTree = "<group>"; };
		B0E118CC27D0AC1D005C403D /* SessionHelpers.swift */ = {isa = PBXFileReference; lastKnownFileType = sourcecode.swift; path = SessionHelpers.swift; sourceTree = "<group>"; };
		B0E118CE27D0AC8F005C403D /* URLS.swift */ = {isa = PBXFileReference; lastKnownFileType = sourcecode.swift; path = URLS.swift; sourceTree = "<group>"; };
		B0E118D027D0AE14005C403D /* PromiseAPI.swift */ = {isa = PBXFileReference; lastKnownFileType = sourcecode.swift; path = PromiseAPI.swift; sourceTree = "<group>"; };
		B0E118D227D0FE1C005C403D /* RealmHelpers.swift */ = {isa = PBXFileReference; lastKnownFileType = sourcecode.swift; path = RealmHelpers.swift; sourceTree = "<group>"; };
		B0E118D427D10ACF005C403D /* PhotoService.swift */ = {isa = PBXFileReference; lastKnownFileType = sourcecode.swift; path = PhotoService.swift; sourceTree = "<group>"; };
		B0E118D627D10D5C005C403D /* FileManager+Extension.swift */ = {isa = PBXFileReference; lastKnownFileType = sourcecode.swift; path = "FileManager+Extension.swift"; sourceTree = "<group>"; };
		B0EE3DBA27DB42EA009B1F19 /* GoogleService-Info.plist */ = {isa = PBXFileReference; fileEncoding = 4; lastKnownFileType = text.plist.xml; path = "GoogleService-Info.plist"; sourceTree = "<group>"; };
		B0EE3DD727DB6920009B1F19 /* CloudDB.swift */ = {isa = PBXFileReference; lastKnownFileType = sourcecode.swift; path = CloudDB.swift; sourceTree = "<group>"; };
		B0EE3DF227DBAD51009B1F19 /* UIViewController+Extension.swift */ = {isa = PBXFileReference; lastKnownFileType = sourcecode.swift; path = "UIViewController+Extension.swift"; sourceTree = "<group>"; };
		B0EEB6E327D207D70082AB4E /* Settings.swift */ = {isa = PBXFileReference; lastKnownFileType = sourcecode.swift; path = Settings.swift; sourceTree = "<group>"; };
/* End PBXFileReference section */

/* Begin PBXFrameworksBuildPhase section */
		AB056C6727BF70C700E1DF4A /* Frameworks */ = {
			isa = PBXFrameworksBuildPhase;
			buildActionMask = 2147483647;
			files = (
				AB1B928E27C7627D00907A04 /* RealmSwift in Frameworks */,
				B0FCF54C27E8E64C0069C6A5 /* FirebaseAuth in Frameworks */,
				B0E118C727CFEF48005C403D /* PromiseKit in Frameworks */,
				B0FCF55227E8E64C0069C6A5 /* FirebaseFunctions in Frameworks */,
				B0FCF54E27E8E64C0069C6A5 /* FirebaseCrashlytics in Frameworks */,
				AB1B929627C8BA3D00907A04 /* Alamofire in Frameworks */,
				B0FCF55027E8E64C0069C6A5 /* FirebaseFirestore in Frameworks */,
				B0FCF54A27E8E64C0069C6A5 /* FirebaseAppCheck in Frameworks */,
				B0FCF54827E8E64C0069C6A5 /* FirebaseAnalyticsWithoutAdIdSupport in Frameworks */,
				B0FCF55627E8E64C0069C6A5 /* FirebaseMessaging in Frameworks */,
				B0FCF55427E8E64C0069C6A5 /* FirebaseInAppMessaging-Beta in Frameworks */,
			);
			runOnlyForDeploymentPostprocessing = 0;
		};
/* End PBXFrameworksBuildPhase section */

/* Begin PBXGroup section */
		AB056C6127BF70C700E1DF4A = {
			isa = PBXGroup;
			children = (
				AB056C6C27BF70C700E1DF4A /* VK */,
				AB056C6B27BF70C700E1DF4A /* Products */,
			);
			sourceTree = "<group>";
		};
		AB056C6B27BF70C700E1DF4A /* Products */ = {
			isa = PBXGroup;
			children = (
				AB056C6A27BF70C700E1DF4A /* VK.app */,
			);
			name = Products;
			sourceTree = "<group>";
		};
		AB056C6C27BF70C700E1DF4A /* VK */ = {
			isa = PBXGroup;
			children = (
				AB056C6D27BF70C700E1DF4A /* AppDelegate.swift */,
				AB056C6F27BF70C700E1DF4A /* SceneDelegate.swift */,
				AB056C9427BF71E000E1DF4A /* Extension */,
				AB056CA327BF724100E1DF4A /* Manager */,
				AB056C8127BF70E200E1DF4A /* Model */,
				AB056C9927BF721000E1DF4A /* ViewController */,
				AB056C7327BF70C700E1DF4A /* Main.storyboard */,
				AB056C7627BF70C800E1DF4A /* Assets.xcassets */,
				AB056C7827BF70C800E1DF4A /* LaunchScreen.storyboard */,
				B0EE3DBA27DB42EA009B1F19 /* GoogleService-Info.plist */,
			);
			path = VK;
			sourceTree = "<group>";
		};
		AB056C8127BF70E200E1DF4A /* Model */ = {
			isa = PBXGroup;
			children = (
				AB056C8527BF711700E1DF4A /* JSON */,
				AB056C8D27BF712700E1DF4A /* VKGroup.swift */,
				AB056C8B27BF712700E1DF4A /* VKNews.swift */,
				ABDF82E427C2B7AC0083E370 /* VKPhoto.swift */,
				AB056C8A27BF712700E1DF4A /* VKUser.swift */,
			);
			path = Model;
			sourceTree = "<group>";
		};
		AB056C8527BF711700E1DF4A /* JSON */ = {
			isa = PBXGroup;
			children = (
				ABC535B027C1906600717864 /* JsonGroup.swift */,
				AB056C8627BF711700E1DF4A /* JsonNewsfeed.swift */,
				ABDF82E227C2B77D0083E370 /* JsonPhoto.swift */,
				ABC535AE27C1902F00717864 /* JsonUser.swift */,
			);
			path = JSON;
			sourceTree = "<group>";
		};
		AB056C9427BF71E000E1DF4A /* Extension */ = {
			isa = PBXGroup;
			children = (
				AB056CB227BFC07300E1DF4A /* Date+Extension.swift */,
				AB056CBE27C0E57000E1DF4A /* Int+Extension.swift */,
				B0E118D627D10D5C005C403D /* FileManager+Extension.swift */,
				AB056CAA27BF72CD00E1DF4A /* NSObject+Extension.swift */,
				AB056C9727BF720500E1DF4A /* String+Extension.swift */,
				AB1C500727C3C29B000CC015 /* UITableView+Extension.swift */,
				B023ED2F27DE63230053F621 /* UITableViewCell+Extension.swift */,
				B0EE3DF227DBAD51009B1F19 /* UIViewController+Extension.swift */,
				AB1B928727C4BB9D00907A04 /* URL+Extension.swift */,
				AB6745F427C295F7007A0690 /* URLSession+Extension.swift */,
			);
			path = Extension;
			sourceTree = "<group>";
		};
		AB056C9927BF721000E1DF4A /* ViewController */ = {
			isa = PBXGroup;
			children = (
				AB056CA127BF722D00E1DF4A /* Login.swift */,
				ABC535B227C2148000717864 /* Friends */,
				ABC535B527C218E600717864 /* Groups */,
				AB056C9A27BF722000E1DF4A /* News */,
				AB1C500427C3A198000CC015 /* Photos */,
				B0EEB6E327D207D70082AB4E /* Settings.swift */,
			);
			path = ViewController;
			sourceTree = "<group>";
		};
		AB056C9A27BF722000E1DF4A /* News */ = {
			isa = PBXGroup;
			children = (
				AB056CB027BFB6B400E1DF4A /* NewsfeedHeader.xib */,
				AB056CAE27BF8C6400E1DF4A /* NewsfeedFooter.xib */,
				AB056C9C27BF722000E1DF4A /* Newsfeed.swift */,
				AB056C9B27BF722000E1DF4A /* NewsfeedHeader.swift */,
				AB056CB427BFC18500E1DF4A /* NewsfeedFooter.swift */,
				AB056C9D27BF722000E1DF4A /* NewsfeedPhotosCell.swift */,
			);
			path = News;
			sourceTree = "<group>";
		};
		AB056CA327BF724100E1DF4A /* Manager */ = {
			isa = PBXGroup;
			children = (
				AB056CA827BF726D00E1DF4A /* AppSettings.swift */,
				B0EE3DD727DB6920009B1F19 /* CloudDB.swift */,
				AB056CAC27BF736500E1DF4A /* DB.swift */,
				AB1C500527C3BF5E000CC015 /* Notifications.swift */,
				B0E118D427D10ACF005C403D /* PhotoService.swift */,
				B0E118CE27D0AC8F005C403D /* URLS.swift */,
				AB056CA427BF725A00E1DF4A /* VK.swift */,
				B0A68A1027CD1A8700059FBC /* FeaturePromice */,
				AB1B928F27C8B7C300907A04 /* Operations */,
			);
			path = Manager;
			sourceTree = "<group>";
		};
		AB1B928F27C8B7C300907A04 /* Operations */ = {
			isa = PBXGroup;
			children = (
				AB1B929227C8B81D00907A04 /* AsyncOperation.swift */,
				AB1B929027C8B7D900907A04 /* GetDataOperation.swift */,
				AB1B929727C8C5E900907A04 /* ParseJsonOperation.swift */,
				AB1B929927C8D2C700907A04 /* SaveToRealmOperation.swift */,
				AB1B929B27C8D8B500907A04 /* FetchAndSavePhotoOperation.swift */,
			);
			path = Operations;
			sourceTree = "<group>";
		};
		AB1C500427C3A198000CC015 /* Photos */ = {
			isa = PBXGroup;
			children = (
				ABDF82E027C2B5020083E370 /* Photos.swift */,
			);
			path = Photos;
			sourceTree = "<group>";
		};
		ABC535B227C2148000717864 /* Friends */ = {
			isa = PBXGroup;
			children = (
				ABC535B327C2149100717864 /* Friends.swift */,
			);
			path = Friends;
			sourceTree = "<group>";
		};
		ABC535B527C218E600717864 /* Groups */ = {
			isa = PBXGroup;
			children = (
				ABC535B627C218F900717864 /* Groups.swift */,
			);
			path = Groups;
			sourceTree = "<group>";
		};
		B0A68A1027CD1A8700059FBC /* FeaturePromice */ = {
			isa = PBXGroup;
			children = (
				B0E118CC27D0AC1D005C403D /* SessionHelpers.swift */,
				B0E118D227D0FE1C005C403D /* RealmHelpers.swift */,
				B0E118D027D0AE14005C403D /* PromiseAPI.swift */,
			);
			path = FeaturePromice;
			sourceTree = "<group>";
		};
/* End PBXGroup section */

/* Begin PBXNativeTarget section */
		AB056C6927BF70C700E1DF4A /* VK */ = {
			isa = PBXNativeTarget;
			buildConfigurationList = AB056C7E27BF70C800E1DF4A /* Build configuration list for PBXNativeTarget "VK" */;
			buildPhases = (
				AB056C6627BF70C700E1DF4A /* Sources */,
				AB056C6727BF70C700E1DF4A /* Frameworks */,
				AB056C6827BF70C700E1DF4A /* Resources */,
			);
			buildRules = (
			);
			dependencies = (
			);
			name = VK;
			packageProductDependencies = (
				AB1B928D27C7627D00907A04 /* RealmSwift */,
				AB1B929527C8BA3D00907A04 /* Alamofire */,
				B0E118C627CFEF48005C403D /* PromiseKit */,
				B0FCF54727E8E64C0069C6A5 /* FirebaseAnalyticsWithoutAdIdSupport */,
				B0FCF54927E8E64C0069C6A5 /* FirebaseAppCheck */,
				B0FCF54B27E8E64C0069C6A5 /* FirebaseAuth */,
				B0FCF54D27E8E64C0069C6A5 /* FirebaseCrashlytics */,
				B0FCF54F27E8E64C0069C6A5 /* FirebaseFirestore */,
				B0FCF55127E8E64C0069C6A5 /* FirebaseFunctions */,
				B0FCF55327E8E64C0069C6A5 /* FirebaseInAppMessaging-Beta */,
				B0FCF55527E8E64C0069C6A5 /* FirebaseMessaging */,
			);
			productName = VK;
			productReference = AB056C6A27BF70C700E1DF4A /* VK.app */;
			productType = "com.apple.product-type.application";
		};
/* End PBXNativeTarget section */

/* Begin PBXProject section */
		AB056C6227BF70C700E1DF4A /* Project object */ = {
			isa = PBXProject;
			attributes = {
				BuildIndependentTargetsInParallel = 1;
				LastSwiftUpdateCheck = 1320;
				LastUpgradeCheck = 1320;
				TargetAttributes = {
					AB056C6927BF70C700E1DF4A = {
						CreatedOnToolsVersion = 13.2.1;
					};
				};
			};
			buildConfigurationList = AB056C6527BF70C700E1DF4A /* Build configuration list for PBXProject "VK" */;
			compatibilityVersion = "Xcode 13.0";
			developmentRegion = en;
			hasScannedForEncodings = 0;
			knownRegions = (
				en,
				Base,
			);
			mainGroup = AB056C6127BF70C700E1DF4A;
			packageReferences = (
				AB1B928C27C7627D00907A04 /* XCRemoteSwiftPackageReference "realm-swift" */,
				AB1B929427C8BA3D00907A04 /* XCRemoteSwiftPackageReference "Alamofire" */,
				B0E118C527CFEF48005C403D /* XCRemoteSwiftPackageReference "PromiseKit" */,
				B0FCF54627E8E64B0069C6A5 /* XCRemoteSwiftPackageReference "firebase-ios-sdk" */,
			);
			productRefGroup = AB056C6B27BF70C700E1DF4A /* Products */;
			projectDirPath = "";
			projectRoot = "";
			targets = (
				AB056C6927BF70C700E1DF4A /* VK */,
			);
		};
/* End PBXProject section */

/* Begin PBXResourcesBuildPhase section */
		AB056C6827BF70C700E1DF4A /* Resources */ = {
			isa = PBXResourcesBuildPhase;
			buildActionMask = 2147483647;
			files = (
				AB056C7A27BF70C800E1DF4A /* LaunchScreen.storyboard in Resources */,
				AB056C7727BF70C800E1DF4A /* Assets.xcassets in Resources */,
				AB056CB127BFB6B400E1DF4A /* NewsfeedHeader.xib in Resources */,
				AB056C7527BF70C700E1DF4A /* Main.storyboard in Resources */,
				AB056CAF27BF8C6400E1DF4A /* NewsfeedFooter.xib in Resources */,
				B0EE3DBB27DB42EB009B1F19 /* GoogleService-Info.plist in Resources */,
			);
			runOnlyForDeploymentPostprocessing = 0;
		};
/* End PBXResourcesBuildPhase section */

/* Begin PBXSourcesBuildPhase section */
		AB056C6627BF70C700E1DF4A /* Sources */ = {
			isa = PBXSourcesBuildPhase;
			buildActionMask = 2147483647;
			files = (
				B0EE3DD827DB6920009B1F19 /* CloudDB.swift in Sources */,
				ABC535B127C1906600717864 /* JsonGroup.swift in Sources */,
				B0EE3DF327DBAD51009B1F19 /* UIViewController+Extension.swift in Sources */,
				ABDF82E327C2B77D0083E370 /* JsonPhoto.swift in Sources */,
				AB056C9F27BF722000E1DF4A /* Newsfeed.swift in Sources */,
				AB1B929327C8B81D00907A04 /* AsyncOperation.swift in Sources */,
				AB056CB327BFC07300E1DF4A /* Date+Extension.swift in Sources */,
				AB1B929127C8B7D900907A04 /* GetDataOperation.swift in Sources */,
				AB056CBF27C0E57000E1DF4A /* Int+Extension.swift in Sources */,
				AB1B929A27C8D2C700907A04 /* SaveToRealmOperation.swift in Sources */,
				AB1B928827C4BB9D00907A04 /* URL+Extension.swift in Sources */,
				AB056C8827BF711700E1DF4A /* JsonNewsfeed.swift in Sources */,
				AB056C6E27BF70C700E1DF4A /* AppDelegate.swift in Sources */,
				AB056C9027BF712700E1DF4A /* VKNews.swift in Sources */,
				B0E118CD27D0AC1D005C403D /* SessionHelpers.swift in Sources */,
				B0E118D127D0AE14005C403D /* PromiseAPI.swift in Sources */,
				AB056CB527BFC18500E1DF4A /* NewsfeedFooter.swift in Sources */,
				B0E118D727D10D5C005C403D /* FileManager+Extension.swift in Sources */,
				AB056C9827BF720500E1DF4A /* String+Extension.swift in Sources */,
				B0E118CF27D0AC8F005C403D /* URLS.swift in Sources */,
				AB056CA527BF725A00E1DF4A /* VK.swift in Sources */,
				B0EEB6E427D207D70082AB4E /* Settings.swift in Sources */,
				ABC535B727C218F900717864 /* Groups.swift in Sources */,
				AB056C9E27BF722000E1DF4A /* NewsfeedHeader.swift in Sources */,
				AB056C7027BF70C700E1DF4A /* SceneDelegate.swift in Sources */,
				B0E118D327D0FE1C005C403D /* RealmHelpers.swift in Sources */,
				AB6745F527C295F7007A0690 /* URLSession+Extension.swift in Sources */,
				ABC535AF27C1902F00717864 /* JsonUser.swift in Sources */,
				AB056CAD27BF736500E1DF4A /* DB.swift in Sources */,
				ABDF82E127C2B5030083E370 /* Photos.swift in Sources */,
				AB056CA027BF722000E1DF4A /* NewsfeedPhotosCell.swift in Sources */,
				AB056CA927BF726D00E1DF4A /* AppSettings.swift in Sources */,
				ABC535B427C2149100717864 /* Friends.swift in Sources */,
				AB1C500827C3C29B000CC015 /* UITableView+Extension.swift in Sources */,
				ABDF82E527C2B7AC0083E370 /* VKPhoto.swift in Sources */,
				AB056CAB27BF72CD00E1DF4A /* NSObject+Extension.swift in Sources */,
				B0E118D527D10ACF005C403D /* PhotoService.swift in Sources */,
				AB1C500627C3BF5E000CC015 /* Notifications.swift in Sources */,
				AB1B929827C8C5E900907A04 /* ParseJsonOperation.swift in Sources */,
				B023ED3027DE63230053F621 /* UITableViewCell+Extension.swift in Sources */,
				AB1B929C27C8D8B500907A04 /* FetchAndSavePhotoOperation.swift in Sources */,
				AB056C9227BF712700E1DF4A /* VKGroup.swift in Sources */,
				AB056C8F27BF712700E1DF4A /* VKUser.swift in Sources */,
				AB056CA227BF722D00E1DF4A /* Login.swift in Sources */,
			);
			runOnlyForDeploymentPostprocessing = 0;
		};
/* End PBXSourcesBuildPhase section */

/* Begin PBXVariantGroup section */
		AB056C7327BF70C700E1DF4A /* Main.storyboard */ = {
			isa = PBXVariantGroup;
			children = (
				AB056C7427BF70C700E1DF4A /* Base */,
			);
			name = Main.storyboard;
			sourceTree = "<group>";
		};
		AB056C7827BF70C800E1DF4A /* LaunchScreen.storyboard */ = {
			isa = PBXVariantGroup;
			children = (
				AB056C7927BF70C800E1DF4A /* Base */,
			);
			name = LaunchScreen.storyboard;
			sourceTree = "<group>";
		};
/* End PBXVariantGroup section */

/* Begin XCBuildConfiguration section */
		AB056C7C27BF70C800E1DF4A /* Debug */ = {
			isa = XCBuildConfiguration;
			buildSettings = {
				ALWAYS_SEARCH_USER_PATHS = NO;
				CLANG_ANALYZER_NONNULL = YES;
				CLANG_ANALYZER_NUMBER_OBJECT_CONVERSION = YES_AGGRESSIVE;
				CLANG_CXX_LANGUAGE_STANDARD = "gnu++17";
				CLANG_CXX_LIBRARY = "libc++";
				CLANG_ENABLE_MODULES = YES;
				CLANG_ENABLE_OBJC_ARC = YES;
				CLANG_ENABLE_OBJC_WEAK = YES;
				CLANG_WARN_BLOCK_CAPTURE_AUTORELEASING = YES;
				CLANG_WARN_BOOL_CONVERSION = YES;
				CLANG_WARN_COMMA = YES;
				CLANG_WARN_CONSTANT_CONVERSION = YES;
				CLANG_WARN_DEPRECATED_OBJC_IMPLEMENTATIONS = YES;
				CLANG_WARN_DIRECT_OBJC_ISA_USAGE = YES_ERROR;
				CLANG_WARN_DOCUMENTATION_COMMENTS = YES;
				CLANG_WARN_EMPTY_BODY = YES;
				CLANG_WARN_ENUM_CONVERSION = YES;
				CLANG_WARN_INFINITE_RECURSION = YES;
				CLANG_WARN_INT_CONVERSION = YES;
				CLANG_WARN_NON_LITERAL_NULL_CONVERSION = YES;
				CLANG_WARN_OBJC_IMPLICIT_RETAIN_SELF = YES;
				CLANG_WARN_OBJC_LITERAL_CONVERSION = YES;
				CLANG_WARN_OBJC_ROOT_CLASS = YES_ERROR;
				CLANG_WARN_QUOTED_INCLUDE_IN_FRAMEWORK_HEADER = YES;
				CLANG_WARN_RANGE_LOOP_ANALYSIS = YES;
				CLANG_WARN_STRICT_PROTOTYPES = YES;
				CLANG_WARN_SUSPICIOUS_MOVE = YES;
				CLANG_WARN_UNGUARDED_AVAILABILITY = YES_AGGRESSIVE;
				CLANG_WARN_UNREACHABLE_CODE = YES;
				CLANG_WARN__DUPLICATE_METHOD_MATCH = YES;
				COPY_PHASE_STRIP = NO;
				DEBUG_INFORMATION_FORMAT = dwarf;
				ENABLE_STRICT_OBJC_MSGSEND = YES;
				ENABLE_TESTABILITY = YES;
				GCC_C_LANGUAGE_STANDARD = gnu11;
				GCC_DYNAMIC_NO_PIC = NO;
				GCC_NO_COMMON_BLOCKS = YES;
				GCC_OPTIMIZATION_LEVEL = 0;
				GCC_PREPROCESSOR_DEFINITIONS = (
					"DEBUG=1",
					"$(inherited)",
				);
				GCC_WARN_64_TO_32_BIT_CONVERSION = YES;
				GCC_WARN_ABOUT_RETURN_TYPE = YES_ERROR;
				GCC_WARN_UNDECLARED_SELECTOR = YES;
				GCC_WARN_UNINITIALIZED_AUTOS = YES_AGGRESSIVE;
				GCC_WARN_UNUSED_FUNCTION = YES;
				GCC_WARN_UNUSED_VARIABLE = YES;
				IPHONEOS_DEPLOYMENT_TARGET = 15.2;
				MTL_ENABLE_DEBUG_INFO = INCLUDE_SOURCE;
				MTL_FAST_MATH = YES;
				ONLY_ACTIVE_ARCH = YES;
				SDKROOT = iphoneos;
				SWIFT_ACTIVE_COMPILATION_CONDITIONS = DEBUG;
				SWIFT_OPTIMIZATION_LEVEL = "-Onone";
			};
			name = Debug;
		};
		AB056C7D27BF70C800E1DF4A /* Release */ = {
			isa = XCBuildConfiguration;
			buildSettings = {
				ALWAYS_SEARCH_USER_PATHS = NO;
				CLANG_ANALYZER_NONNULL = YES;
				CLANG_ANALYZER_NUMBER_OBJECT_CONVERSION = YES_AGGRESSIVE;
				CLANG_CXX_LANGUAGE_STANDARD = "gnu++17";
				CLANG_CXX_LIBRARY = "libc++";
				CLANG_ENABLE_MODULES = YES;
				CLANG_ENABLE_OBJC_ARC = YES;
				CLANG_ENABLE_OBJC_WEAK = YES;
				CLANG_WARN_BLOCK_CAPTURE_AUTORELEASING = YES;
				CLANG_WARN_BOOL_CONVERSION = YES;
				CLANG_WARN_COMMA = YES;
				CLANG_WARN_CONSTANT_CONVERSION = YES;
				CLANG_WARN_DEPRECATED_OBJC_IMPLEMENTATIONS = YES;
				CLANG_WARN_DIRECT_OBJC_ISA_USAGE = YES_ERROR;
				CLANG_WARN_DOCUMENTATION_COMMENTS = YES;
				CLANG_WARN_EMPTY_BODY = YES;
				CLANG_WARN_ENUM_CONVERSION = YES;
				CLANG_WARN_INFINITE_RECURSION = YES;
				CLANG_WARN_INT_CONVERSION = YES;
				CLANG_WARN_NON_LITERAL_NULL_CONVERSION = YES;
				CLANG_WARN_OBJC_IMPLICIT_RETAIN_SELF = YES;
				CLANG_WARN_OBJC_LITERAL_CONVERSION = YES;
				CLANG_WARN_OBJC_ROOT_CLASS = YES_ERROR;
				CLANG_WARN_QUOTED_INCLUDE_IN_FRAMEWORK_HEADER = YES;
				CLANG_WARN_RANGE_LOOP_ANALYSIS = YES;
				CLANG_WARN_STRICT_PROTOTYPES = YES;
				CLANG_WARN_SUSPICIOUS_MOVE = YES;
				CLANG_WARN_UNGUARDED_AVAILABILITY = YES_AGGRESSIVE;
				CLANG_WARN_UNREACHABLE_CODE = YES;
				CLANG_WARN__DUPLICATE_METHOD_MATCH = YES;
				COPY_PHASE_STRIP = NO;
				DEBUG_INFORMATION_FORMAT = "dwarf-with-dsym";
				ENABLE_NS_ASSERTIONS = NO;
				ENABLE_STRICT_OBJC_MSGSEND = YES;
				GCC_C_LANGUAGE_STANDARD = gnu11;
				GCC_NO_COMMON_BLOCKS = YES;
				GCC_WARN_64_TO_32_BIT_CONVERSION = YES;
				GCC_WARN_ABOUT_RETURN_TYPE = YES_ERROR;
				GCC_WARN_UNDECLARED_SELECTOR = YES;
				GCC_WARN_UNINITIALIZED_AUTOS = YES_AGGRESSIVE;
				GCC_WARN_UNUSED_FUNCTION = YES;
				GCC_WARN_UNUSED_VARIABLE = YES;
				IPHONEOS_DEPLOYMENT_TARGET = 15.2;
				MTL_ENABLE_DEBUG_INFO = NO;
				MTL_FAST_MATH = YES;
				SDKROOT = iphoneos;
				SWIFT_COMPILATION_MODE = wholemodule;
				SWIFT_OPTIMIZATION_LEVEL = "-O";
				VALIDATE_PRODUCT = YES;
			};
			name = Release;
		};
		AB056C7F27BF70C800E1DF4A /* Debug */ = {
			isa = XCBuildConfiguration;
			buildSettings = {
				ASSETCATALOG_COMPILER_APPICON_NAME = AppIcon;
				ASSETCATALOG_COMPILER_GLOBAL_ACCENT_COLOR_NAME = AccentColor;
				CODE_SIGN_STYLE = Automatic;
				CURRENT_PROJECT_VERSION = 1;
				DEVELOPMENT_TEAM = 88E4R9UBDU;
				GENERATE_INFOPLIST_FILE = YES;
				INFOPLIST_FILE = VK/Info.plist;
				INFOPLIST_KEY_LSSupportsOpeningDocumentsInPlace = YES;
				INFOPLIST_KEY_UIApplicationSupportsIndirectInputEvents = YES;
				INFOPLIST_KEY_UILaunchStoryboardName = LaunchScreen;
				INFOPLIST_KEY_UIMainStoryboardFile = Main;
				INFOPLIST_KEY_UISupportedInterfaceOrientations = UIInterfaceOrientationPortrait;
				INFOPLIST_KEY_UISupportedInterfaceOrientations_iPad = "UIInterfaceOrientationPortrait UIInterfaceOrientationPortraitUpsideDown UIInterfaceOrientationLandscapeLeft UIInterfaceOrientationLandscapeRight";
				INFOPLIST_KEY_UISupportedInterfaceOrientations_iPhone = "UIInterfaceOrientationPortrait UIInterfaceOrientationLandscapeLeft UIInterfaceOrientationLandscapeRight";
				LD_RUNPATH_SEARCH_PATHS = (
					"$(inherited)",
					"@executable_path/Frameworks",
				);
				MARKETING_VERSION = 1.0;
				PRODUCT_BUNDLE_IDENTIFIER = ru.porsche.vkapp;
				PRODUCT_NAME = "$(TARGET_NAME)";
				SWIFT_EMIT_LOC_STRINGS = YES;
				SWIFT_VERSION = 5.0;
				TARGETED_DEVICE_FAMILY = "1,2";
			};
			name = Debug;
		};
		AB056C8027BF70C800E1DF4A /* Release */ = {
			isa = XCBuildConfiguration;
			buildSettings = {
				ASSETCATALOG_COMPILER_APPICON_NAME = AppIcon;
				ASSETCATALOG_COMPILER_GLOBAL_ACCENT_COLOR_NAME = AccentColor;
				CODE_SIGN_STYLE = Automatic;
				CURRENT_PROJECT_VERSION = 1;
				DEVELOPMENT_TEAM = 88E4R9UBDU;
				GENERATE_INFOPLIST_FILE = YES;
				INFOPLIST_FILE = VK/Info.plist;
				INFOPLIST_KEY_LSSupportsOpeningDocumentsInPlace = YES;
				INFOPLIST_KEY_UIApplicationSupportsIndirectInputEvents = YES;
				INFOPLIST_KEY_UILaunchStoryboardName = LaunchScreen;
				INFOPLIST_KEY_UIMainStoryboardFile = Main;
				INFOPLIST_KEY_UISupportedInterfaceOrientations = UIInterfaceOrientationPortrait;
				INFOPLIST_KEY_UISupportedInterfaceOrientations_iPad = "UIInterfaceOrientationPortrait UIInterfaceOrientationPortraitUpsideDown UIInterfaceOrientationLandscapeLeft UIInterfaceOrientationLandscapeRight";
				INFOPLIST_KEY_UISupportedInterfaceOrientations_iPhone = "UIInterfaceOrientationPortrait UIInterfaceOrientationLandscapeLeft UIInterfaceOrientationLandscapeRight";
				LD_RUNPATH_SEARCH_PATHS = (
					"$(inherited)",
					"@executable_path/Frameworks",
				);
				MARKETING_VERSION = 1.0;
				PRODUCT_BUNDLE_IDENTIFIER = ru.porsche.vkapp;
				PRODUCT_NAME = "$(TARGET_NAME)";
				SWIFT_EMIT_LOC_STRINGS = YES;
				SWIFT_VERSION = 5.0;
				TARGETED_DEVICE_FAMILY = "1,2";
			};
			name = Release;
		};
/* End XCBuildConfiguration section */

/* Begin XCConfigurationList section */
		AB056C6527BF70C700E1DF4A /* Build configuration list for PBXProject "VK" */ = {
			isa = XCConfigurationList;
			buildConfigurations = (
				AB056C7C27BF70C800E1DF4A /* Debug */,
				AB056C7D27BF70C800E1DF4A /* Release */,
			);
			defaultConfigurationIsVisible = 0;
			defaultConfigurationName = Release;
		};
		AB056C7E27BF70C800E1DF4A /* Build configuration list for PBXNativeTarget "VK" */ = {
			isa = XCConfigurationList;
			buildConfigurations = (
				AB056C7F27BF70C800E1DF4A /* Debug */,
				AB056C8027BF70C800E1DF4A /* Release */,
			);
			defaultConfigurationIsVisible = 0;
			defaultConfigurationName = Release;
		};
/* End XCConfigurationList section */

/* Begin XCRemoteSwiftPackageReference section */
		AB1B928C27C7627D00907A04 /* XCRemoteSwiftPackageReference "realm-swift" */ = {
			isa = XCRemoteSwiftPackageReference;
			repositoryURL = "https://github.com/realm/realm-swift.git";
			requirement = {
				branch = master;
				kind = branch;
			};
		};
		AB1B929427C8BA3D00907A04 /* XCRemoteSwiftPackageReference "Alamofire" */ = {
			isa = XCRemoteSwiftPackageReference;
			repositoryURL = "https://github.com/Alamofire/Alamofire.git";
			requirement = {
				branch = master;
				kind = branch;
			};
		};
		B0E118C527CFEF48005C403D /* XCRemoteSwiftPackageReference "PromiseKit" */ = {
			isa = XCRemoteSwiftPackageReference;
			repositoryURL = "https://github.com/mxcl/PromiseKit.git";
			requirement = {
				kind = upToNextMajorVersion;
				minimumVersion = 6.0.0;
			};
		};
		B0FCF54627E8E64B0069C6A5 /* XCRemoteSwiftPackageReference "firebase-ios-sdk" */ = {
			isa = XCRemoteSwiftPackageReference;
			repositoryURL = "https://github.com/firebase/firebase-ios-sdk.git";
			requirement = {
				kind = upToNextMajorVersion;
				minimumVersion = 8.0.0;
			};
		};
/* End XCRemoteSwiftPackageReference section */

/* Begin XCSwiftPackageProductDependency section */
		AB1B928D27C7627D00907A04 /* RealmSwift */ = {
			isa = XCSwiftPackageProductDependency;
			package = AB1B928C27C7627D00907A04 /* XCRemoteSwiftPackageReference "realm-swift" */;
			productName = RealmSwift;
		};
		AB1B929527C8BA3D00907A04 /* Alamofire */ = {
			isa = XCSwiftPackageProductDependency;
			package = AB1B929427C8BA3D00907A04 /* XCRemoteSwiftPackageReference "Alamofire" */;
			productName = Alamofire;
		};
		B0E118C627CFEF48005C403D /* PromiseKit */ = {
			isa = XCSwiftPackageProductDependency;
			package = B0E118C527CFEF48005C403D /* XCRemoteSwiftPackageReference "PromiseKit" */;
			productName = PromiseKit;
		};
		B0FCF54727E8E64C0069C6A5 /* FirebaseAnalyticsWithoutAdIdSupport */ = {
			isa = XCSwiftPackageProductDependency;
			package = B0FCF54627E8E64B0069C6A5 /* XCRemoteSwiftPackageReference "firebase-ios-sdk" */;
			productName = FirebaseAnalyticsWithoutAdIdSupport;
		};
		B0FCF54927E8E64C0069C6A5 /* FirebaseAppCheck */ = {
			isa = XCSwiftPackageProductDependency;
			package = B0FCF54627E8E64B0069C6A5 /* XCRemoteSwiftPackageReference "firebase-ios-sdk" */;
			productName = FirebaseAppCheck;
		};
		B0FCF54B27E8E64C0069C6A5 /* FirebaseAuth */ = {
			isa = XCSwiftPackageProductDependency;
			package = B0FCF54627E8E64B0069C6A5 /* XCRemoteSwiftPackageReference "firebase-ios-sdk" */;
			productName = FirebaseAuth;
		};
		B0FCF54D27E8E64C0069C6A5 /* FirebaseCrashlytics */ = {
			isa = XCSwiftPackageProductDependency;
			package = B0FCF54627E8E64B0069C6A5 /* XCRemoteSwiftPackageReference "firebase-ios-sdk" */;
			productName = FirebaseCrashlytics;
		};
		B0FCF54F27E8E64C0069C6A5 /* FirebaseFirestore */ = {
			isa = XCSwiftPackageProductDependency;
			package = B0FCF54627E8E64B0069C6A5 /* XCRemoteSwiftPackageReference "firebase-ios-sdk" */;
			productName = FirebaseFirestore;
		};
		B0FCF55127E8E64C0069C6A5 /* FirebaseFunctions */ = {
			isa = XCSwiftPackageProductDependency;
			package = B0FCF54627E8E64B0069C6A5 /* XCRemoteSwiftPackageReference "firebase-ios-sdk" */;
			productName = FirebaseFunctions;
		};
		B0FCF55327E8E64C0069C6A5 /* FirebaseInAppMessaging-Beta */ = {
			isa = XCSwiftPackageProductDependency;
			package = B0FCF54627E8E64B0069C6A5 /* XCRemoteSwiftPackageReference "firebase-ios-sdk" */;
			productName = "FirebaseInAppMessaging-Beta";
		};
		B0FCF55527E8E64C0069C6A5 /* FirebaseMessaging */ = {
			isa = XCSwiftPackageProductDependency;
			package = B0FCF54627E8E64B0069C6A5 /* XCRemoteSwiftPackageReference "firebase-ios-sdk" */;
			productName = FirebaseMessaging;
		};
/* End XCSwiftPackageProductDependency section */
	};
	rootObject = AB056C6227BF70C700E1DF4A /* Project object */;
}
